
Microsoft Visual Studio Solution File, Format Version 12.00
# Visual Studio 15
VisualStudioVersion = 15.0.26430.13
MinimumVisualStudioVersion = 10.0.40219.1
Project("{FAE04EC0-301F-11D3-BF4B-00C04F79EFBC}") = "SimpleClass", "SimpleClass\SimpleClass.csproj", "{7444264F-998B-4F87-9FDF-147139A8D0C5}"
EndProject
Project("{FAE04EC0-301F-11D3-BF4B-00C04F79EFBC}") = "PropConsoleApp", "PropConsoleApp\PropConsoleApp.csproj", "{F9DDD5B5-BF31-48CF-A873-8F51F3EEADC4}"
EndProject
Global
	GlobalSection(SolutionConfigurationPlatforms) = preSolution
		Debug|Any CPU = Debug|Any CPU
		Release|Any CPU = Release|Any CPU
	EndGlobalSection
	GlobalSection(ProjectConfigurationPlatforms) = postSolution
		{7444264F-998B-4F87-9FDF-147139A8D0C5}.Debug|Any CPU.ActiveCfg = Debug|Any CPU
		{7444264F-998B-4F87-9FDF-147139A8D0C5}.Debug|Any CPU.Build.0 = Debug|Any CPU
		{7444264F-998B-4F87-9FDF-147139A8D0C5}.Release|Any CPU.ActiveCfg = Release|Any CPU
		{7444264F-998B-4F87-9FDF-147139A8D0C5}.Release|Any CPU.Build.0 = Release|Any CPU
		{F9DDD5B5-BF31-48CF-A873-8F51F3EEADC4}.Debug|Any CPU.ActiveCfg = Debug|Any CPU
		{F9DDD5B5-BF31-48CF-A873-8F51F3EEADC4}.Debug|Any CPU.Build.0 = Debug|Any CPU
		{F9DDD5B5-BF31-48CF-A873-8F51F3EEADC4}.Release|Any CPU.ActiveCfg = Release|Any CPU
		{F9DDD5B5-BF31-48CF-A873-8F51F3EEADC4}.Release|Any CPU.Build.0 = Release|Any CPU
	EndGlobalSection
	GlobalSection(SolutionProperties) = preSolution
		HideSolutionNode = FALSE
	EndGlobalSection
EndGlobal
